
Microsoft Visual Studio Solution File, Format Version 12.00
# Visual Studio Version 17
VisualStudioVersion = 17.11.35222.181
MinimumVisualStudioVersion = 10.0.40219.1
Project("{FAE04EC0-301F-11D3-BF4B-00C04F79EFBC}") = "CheeseAndThankYou", "CheeseAndThankYou\CheeseAndThankYou.csproj", "{3671B80A-BA34-4CF4-9E30-F1C702E9B2C2}"
EndProject
Global
	GlobalSection(SolutionConfigurationPlatforms) = preSolution
		Debug|Any CPU = Debug|Any CPU
		Release|Any CPU = Release|Any CPU
	EndGlobalSection
	GlobalSection(ProjectConfigurationPlatforms) = postSolution
		{3671B80A-BA34-4CF4-9E30-F1C702E9B2C2}.Debug|Any CPU.ActiveCfg = Debug|Any CPU
		{3671B80A-BA34-4CF4-9E30-F1C702E9B2C2}.Debug|Any CPU.Build.0 = Debug|Any CPU
		{3671B80A-BA34-4CF4-9E30-F1C702E9B2C2}.Release|Any CPU.ActiveCfg = Release|Any CPU
		{3671B80A-BA34-4CF4-9E30-F1C702E9B2C2}.Release|Any CPU.Build.0 = Release|Any CPU
	EndGlobalSection
	GlobalSection(SolutionProperties) = preSolution
		HideSolutionNode = FALSE
	EndGlobalSection
	GlobalSection(ExtensibilityGlobals) = postSolution
		SolutionGuid = {E0947F09-1D10-4BF5-B9C2-41D492F2DA5B}
	EndGlobalSection
EndGlobal
